// !$*UTF8*$!
{
	archiveVersion = 1;
	classes = {
	};
	objectVersion = 46;
	objects = {

/* Begin PBXBuildFile section */
		9322D5D219703DFC00DC019F /* AppDelegate.swift in Sources */ = {isa = PBXBuildFile; fileRef = 9322D5D119703DFC00DC019F /* AppDelegate.swift */; };
		9322D5D719703DFC00DC019F /* Main.storyboard in Resources */ = {isa = PBXBuildFile; fileRef = 9322D5D519703DFC00DC019F /* Main.storyboard */; };
		9322D5D919703DFC00DC019F /* Images.xcassets in Resources */ = {isa = PBXBuildFile; fileRef = 9322D5D819703DFC00DC019F /* Images.xcassets */; };
		9322D5E519703DFD00DC019F /* MMHSEventAppTests.swift in Sources */ = {isa = PBXBuildFile; fileRef = 9322D5E419703DFD00DC019F /* MMHSEventAppTests.swift */; };
		9322D5EF19703E4B00DC019F /* HomeViewController.swift in Sources */ = {isa = PBXBuildFile; fileRef = 9322D5EE19703E4B00DC019F /* HomeViewController.swift */; };
/* End PBXBuildFile section */

/* Begin PBXContainerItemProxy section */
		9322D5DF19703DFD00DC019F /* PBXContainerItemProxy */ = {
			isa = PBXContainerItemProxy;
			containerPortal = 9322D5C419703DFC00DC019F /* Project object */;
			proxyType = 1;
			remoteGlobalIDString = 9322D5CB19703DFC00DC019F;
			remoteInfo = MMHSEventApp;
		};
/* End PBXContainerItemProxy section */

/* Begin PBXFileReference section */
		9322D5CC19703DFC00DC019F /* MMHSEventApp.app */ = {isa = PBXFileReference; explicitFileType = wrapper.application; includeInIndex = 0; path = MMHSEventApp.app; sourceTree = BUILT_PRODUCTS_DIR; };
		9322D5D019703DFC00DC019F /* Info.plist */ = {isa = PBXFileReference; lastKnownFileType = text.plist.xml; path = Info.plist; sourceTree = "<group>"; };
		9322D5D119703DFC00DC019F /* AppDelegate.swift */ = {isa = PBXFileReference; lastKnownFileType = sourcecode.swift; path = AppDelegate.swift; sourceTree = "<group>"; };
		9322D5D619703DFC00DC019F /* Base */ = {isa = PBXFileReference; lastKnownFileType = file.storyboard; name = Base; path = Base.lproj/Main.storyboard; sourceTree = "<group>"; };
		9322D5D819703DFC00DC019F /* Images.xcassets */ = {isa = PBXFileReference; lastKnownFileType = folder.assetcatalog; path = Images.xcassets; sourceTree = "<group>"; };
		9322D5DE19703DFD00DC019F /* MMHSEventAppTests.xctest */ = {isa = PBXFileReference; explicitFileType = wrapper.cfbundle; includeInIndex = 0; path = MMHSEventAppTests.xctest; sourceTree = BUILT_PRODUCTS_DIR; };
		9322D5E319703DFD00DC019F /* Info.plist */ = {isa = PBXFileReference; lastKnownFileType = text.plist.xml; path = Info.plist; sourceTree = "<group>"; };
		9322D5E419703DFD00DC019F /* MMHSEventAppTests.swift */ = {isa = PBXFileReference; lastKnownFileType = sourcecode.swift; path = MMHSEventAppTests.swift; sourceTree = "<group>"; };
		9322D5EE19703E4B00DC019F /* HomeViewController.swift */ = {isa = PBXFileReference; fileEncoding = 4; lastKnownFileType = sourcecode.swift; path = HomeViewController.swift; sourceTree = "<group>"; };
/* End PBXFileReference section */

/* Begin PBXFrameworksBuildPhase section */
		9322D5C919703DFC00DC019F /* Frameworks */ = {
			isa = PBXFrameworksBuildPhase;
			buildActionMask = 2147483647;
			files = (
			);
			runOnlyForDeploymentPostprocessing = 0;
		};
		9322D5DB19703DFD00DC019F /* Frameworks */ = {
			isa = PBXFrameworksBuildPhase;
			buildActionMask = 2147483647;
			files = (
			);
			runOnlyForDeploymentPostprocessing = 0;
		};
/* End PBXFrameworksBuildPhase section */

/* Begin PBXGroup section */
		9322D5C319703DFC00DC019F = {
			isa = PBXGroup;
			children = (
				9322D5CE19703DFC00DC019F /* MMHSEventApp */,
				9322D5E119703DFD00DC019F /* MMHSEventAppTests */,
				9322D5CD19703DFC00DC019F /* Products */,
			);
			sourceTree = "<group>";
		};
		9322D5CD19703DFC00DC019F /* Products */ = {
			isa = PBXGroup;
			children = (
				9322D5CC19703DFC00DC019F /* MMHSEventApp.app */,
				9322D5DE19703DFD00DC019F /* MMHSEventAppTests.xctest */,
			);
			name = Products;
			sourceTree = "<group>";
		};
		9322D5CE19703DFC00DC019F /* MMHSEventApp */ = {
			isa = PBXGroup;
			children = (
				9322D5D119703DFC00DC019F /* AppDelegate.swift */,
				9322D5D519703DFC00DC019F /* Main.storyboard */,
				9322D5EE19703E4B00DC019F /* HomeViewController.swift */,
				9322D5D819703DFC00DC019F /* Images.xcassets */,
				9322D5CF19703DFC00DC019F /* Supporting Files */,
			);
			path = MMHSEventApp;
			sourceTree = "<group>";
		};
		9322D5CF19703DFC00DC019F /* Supporting Files */ = {
			isa = PBXGroup;
			children = (
				9322D5D019703DFC00DC019F /* Info.plist */,
			);
			name = "Supporting Files";
			sourceTree = "<group>";
		};
		9322D5E119703DFD00DC019F /* MMHSEventAppTests */ = {
			isa = PBXGroup;
			children = (
				9322D5E419703DFD00DC019F /* MMHSEventAppTests.swift */,
				9322D5E219703DFD00DC019F /* Supporting Files */,
			);
			path = MMHSEventAppTests;
			sourceTree = "<group>";
		};
		9322D5E219703DFD00DC019F /* Supporting Files */ = {
			isa = PBXGroup;
			children = (
				9322D5E319703DFD00DC019F /* Info.plist */,
			);
			name = "Supporting Files";
			sourceTree = "<group>";
		};
/* End PBXGroup section */

/* Begin PBXNativeTarget section */
		9322D5CB19703DFC00DC019F /* MMHSEventApp */ = {
			isa = PBXNativeTarget;
			buildConfigurationList = 9322D5E819703DFD00DC019F /* Build configuration list for PBXNativeTarget "MMHSEventApp" */;
			buildPhases = (
				9322D5C819703DFC00DC019F /* Sources */,
				9322D5C919703DFC00DC019F /* Frameworks */,
				9322D5CA19703DFC00DC019F /* Resources */,
			);
			buildRules = (
			);
			dependencies = (
			);
			name = MMHSEventApp;
			productName = MMHSEventApp;
			productReference = 9322D5CC19703DFC00DC019F /* MMHSEventApp.app */;
			productType = "com.apple.product-type.application";
		};
		9322D5DD19703DFD00DC019F /* MMHSEventAppTests */ = {
			isa = PBXNativeTarget;
			buildConfigurationList = 9322D5EB19703DFD00DC019F /* Build configuration list for PBXNativeTarget "MMHSEventAppTests" */;
			buildPhases = (
				9322D5DA19703DFD00DC019F /* Sources */,
				9322D5DB19703DFD00DC019F /* Frameworks */,
				9322D5DC19703DFD00DC019F /* Resources */,
			);
			buildRules = (
			);
			dependencies = (
				9322D5E019703DFD00DC019F /* PBXTargetDependency */,
			);
			name = MMHSEventAppTests;
			productName = MMHSEventAppTests;
			productReference = 9322D5DE19703DFD00DC019F /* MMHSEventAppTests.xctest */;
			productType = "com.apple.product-type.bundle.unit-test";
		};
/* End PBXNativeTarget section */

/* Begin PBXProject section */
		9322D5C419703DFC00DC019F /* Project object */ = {
			isa = PBXProject;
			attributes = {
				LastUpgradeCheck = 0600;
				ORGANIZATIONNAME = "Mobile Makers";
				TargetAttributes = {
					9322D5CB19703DFC00DC019F = {
						CreatedOnToolsVersion = 6.0;
					};
					9322D5DD19703DFD00DC019F = {
						CreatedOnToolsVersion = 6.0;
						TestTargetID = 9322D5CB19703DFC00DC019F;
					};
				};
			};
			buildConfigurationList = 9322D5C719703DFC00DC019F /* Build configuration list for PBXProject "MMHSEventApp" */;
			compatibilityVersion = "Xcode 3.2";
			developmentRegion = English;
			hasScannedForEncodings = 0;
			knownRegions = (
				en,
				Base,
			);
			mainGroup = 9322D5C319703DFC00DC019F;
			productRefGroup = 9322D5CD19703DFC00DC019F /* Products */;
			projectDirPath = "";
			projectRoot = "";
			targets = (
				9322D5CB19703DFC00DC019F /* MMHSEventApp */,
				9322D5DD19703DFD00DC019F /* MMHSEventAppTests */,
			);
		};
/* End PBXProject section */

/* Begin PBXResourcesBuildPhase section */
		9322D5CA19703DFC00DC019F /* Resources */ = {
			isa = PBXResourcesBuildPhase;
			buildActionMask = 2147483647;
			files = (
				9322D5D719703DFC00DC019F /* Main.storyboard in Resources */,
				9322D5D919703DFC00DC019F /* Images.xcassets in Resources */,
			);
			runOnlyForDeploymentPostprocessing = 0;
		};
		9322D5DC19703DFD00DC019F /* Resources */ = {
			isa = PBXResourcesBuildPhase;
			buildActionMask = 2147483647;
			files = (
			);
			runOnlyForDeploymentPostprocessing = 0;
		};
/* End PBXResourcesBuildPhase section */

/* Begin PBXSourcesBuildPhase section */
		9322D5C819703DFC00DC019F /* Sources */ = {
			isa = PBXSourcesBuildPhase;
			buildActionMask = 2147483647;
			files = (
				9322D5D219703DFC00DC019F /* AppDelegate.swift in Sources */,
				9322D5EF19703E4B00DC019F /* HomeViewController.swift in Sources */,
			);
			runOnlyForDeploymentPostprocessing = 0;
		};
		9322D5DA19703DFD00DC019F /* Sources */ = {
			isa = PBXSourcesBuildPhase;
			buildActionMask = 2147483647;
			files = (
				9322D5E519703DFD00DC019F /* MMHSEventAppTests.swift in Sources */,
			);
			runOnlyForDeploymentPostprocessing = 0;
		};
/* End PBXSourcesBuildPhase section */

/* Begin PBXTargetDependency section */
		9322D5E019703DFD00DC019F /* PBXTargetDependency */ = {
			isa = PBXTargetDependency;
			target = 9322D5CB19703DFC00DC019F /* MMHSEventApp */;
			targetProxy = 9322D5DF19703DFD00DC019F /* PBXContainerItemProxy */;
		};
/* End PBXTargetDependency section */

/* Begin PBXVariantGroup section */
		9322D5D519703DFC00DC019F /* Main.storyboard */ = {
			isa = PBXVariantGroup;
			children = (
				9322D5D619703DFC00DC019F /* Base */,
			);
			name = Main.storyboard;
			sourceTree = "<group>";
		};
/* End PBXVariantGroup section */

/* Begin XCBuildConfiguration section */
		9322D5E619703DFD00DC019F /* Debug */ = {
			isa = XCBuildConfiguration;
			buildSettings = {
				ALWAYS_SEARCH_USER_PATHS = NO;
				CLANG_CXX_LANGUAGE_STANDARD = "gnu++0x";
				CLANG_CXX_LIBRARY = "libc++";
				CLANG_ENABLE_MODULES = YES;
				CLANG_ENABLE_OBJC_ARC = YES;
				CLANG_WARN_BOOL_CONVERSION = YES;
				CLANG_WARN_CONSTANT_CONVERSION = YES;
				CLANG_WARN_DIRECT_OBJC_ISA_USAGE = YES_ERROR;
				CLANG_WARN_EMPTY_BODY = YES;
				CLANG_WARN_ENUM_CONVERSION = YES;
				CLANG_WARN_INT_CONVERSION = YES;
				CLANG_WARN_OBJC_ROOT_CLASS = YES_ERROR;
				CLANG_WARN_UNREACHABLE_CODE = YES;
				CLANG_WARN__DUPLICATE_METHOD_MATCH = YES;
				"CODE_SIGN_IDENTITY[sdk=iphoneos*]" = "iPhone Developer";
				COPY_PHASE_STRIP = NO;
				ENABLE_STRICT_OBJC_MSGSEND = YES;
				GCC_C_LANGUAGE_STANDARD = gnu99;
				GCC_DYNAMIC_NO_PIC = NO;
				GCC_OPTIMIZATION_LEVEL = 0;
				GCC_PREPROCESSOR_DEFINITIONS = (
					"DEBUG=1",
					"$(inherited)",
				);
				GCC_SYMBOLS_PRIVATE_EXTERN = NO;
				GCC_WARN_64_TO_32_BIT_CONVERSION = YES;
				GCC_WARN_ABOUT_RETURN_TYPE = YES_ERROR;
				GCC_WARN_UNDECLARED_SELECTOR = YES;
				GCC_WARN_UNINITIALIZED_AUTOS = YES_AGGRESSIVE;
				GCC_WARN_UNUSED_FUNCTION = YES;
				GCC_WARN_UNUSED_VARIABLE = YES;
				IPHONEOS_DEPLOYMENT_TARGET = 8.0;
				MTL_ENABLE_DEBUG_INFO = YES;
				ONLY_ACTIVE_ARCH = YES;
				SDKROOT = iphoneos;
				SWIFT_OPTIMIZATION_LEVEL = "-Onone";
			};
			name = Debug;
		};
		9322D5E719703DFD00DC019F /* Release */ = {
			isa = XCBuildConfiguration;
			buildSettings = {
				ALWAYS_SEARCH_USER_PATHS = NO;
				CLANG_CXX_LANGUAGE_STANDARD = "gnu++0x";
				CLANG_CXX_LIBRARY = "libc++";
				CLANG_ENABLE_MODULES = YES;
				CLANG_ENABLE_OBJC_ARC = YES;
				CLANG_WARN_BOOL_CONVERSION = YES;
				CLANG_WARN_CONSTANT_CONVERSION = YES;
				CLANG_WARN_DIRECT_OBJC_ISA_USAGE = YES_ERROR;
				CLANG_WARN_EMPTY_BODY = YES;
				CLANG_WARN_ENUM_CONVERSION = YES;
				CLANG_WARN_INT_CONVERSION = YES;
				CLANG_WARN_OBJC_ROOT_CLASS = YES_ERROR;
				CLANG_WARN_UNREACHABLE_CODE = YES;
				CLANG_WARN__DUPLICATE_METHOD_MATCH = YES;
				"CODE_SIGN_IDENTITY[sdk=iphoneos*]" = "iPhone Developer";
				COPY_PHASE_STRIP = YES;
				ENABLE_NS_ASSERTIONS = NO;
				ENABLE_STRICT_OBJC_MSGSEND = YES;
				GCC_C_LANGUAGE_STANDARD = gnu99;
				GCC_WARN_64_TO_32_BIT_CONVERSION = YES;
				GCC_WARN_ABOUT_RETURN_TYPE = YES_ERROR;
				GCC_WARN_UNDECLARED_SELECTOR = YES;
				GCC_WARN_UNINITIALIZED_AUTOS = YES_AGGRESSIVE;
				GCC_WARN_UNUSED_FUNCTION = YES;
				GCC_WARN_UNUSED_VARIABLE = YES;
				IPHONEOS_DEPLOYMENT_TARGET = 8.0;
				MTL_ENABLE_DEBUG_INFO = NO;
				SDKROOT = iphoneos;
				VALIDATE_PRODUCT = YES;
			};
			name = Release;
		};
		9322D5E919703DFD00DC019F /* Debug */ = {
			isa = XCBuildConfiguration;
			buildSettings = {
				ASSETCATALOG_COMPILER_APPICON_NAME = AppIcon;
				ASSETCATALOG_COMPILER_LAUNCHIMAGE_NAME = LaunchImage;
				INFOPLIST_FILE = MMHSEventApp/Info.plist;
				LD_RUNPATH_SEARCH_PATHS = "$(inherited) @executable_path/Frameworks";
				PRODUCT_NAME = "$(TARGET_NAME)";
			};
			name = Debug;
		};
		9322D5EA19703DFD00DC019F /* Release */ = {
			isa = XCBuildConfiguration;
			buildSettings = {
				ASSETCATALOG_COMPILER_APPICON_NAME = AppIcon;
				ASSETCATALOG_COMPILER_LAUNCHIMAGE_NAME = LaunchImage;
				INFOPLIST_FILE = MMHSEventApp/Info.plist;
				LD_RUNPATH_SEARCH_PATHS = "$(inherited) @executable_path/Frameworks";
				PRODUCT_NAME = "$(TARGET_NAME)";
			};
			name = Release;
		};
		9322D5EC19703DFD00DC019F /* Debug */ = {
			isa = XCBuildConfiguration;
			buildSettings = {
				BUNDLE_LOADER = "$(BUILT_PRODUCTS_DIR)/MMHSEventApp.app/MMHSEventApp";
				FRAMEWORK_SEARCH_PATHS = (
					"$(SDKROOT)/Developer/Library/Frameworks",
					"$(inherited)",
				);
				GCC_PREPROCESSOR_DEFINITIONS = (
					"DEBUG=1",
					"$(inherited)",
				);
				INFOPLIST_FILE = MMHSEventAppTests/Info.plist;
				LD_RUNPATH_SEARCH_PATHS = "$(inherited) @executable_path/Frameworks @loader_path/Frameworks";
				PRODUCT_NAME = "$(TARGET_NAME)";
				TEST_HOST = "$(BUNDLE_LOADER)";
			};
			name = Debug;
		};
		9322D5ED19703DFD00DC019F /* Release */ = {
			isa = XCBuildConfiguration;
			buildSettings = {
				BUNDLE_LOADER = "$(BUILT_PRODUCTS_DIR)/MMHSEventApp.app/MMHSEventApp";
				FRAMEWORK_SEARCH_PATHS = (
					"$(SDKROOT)/Developer/Library/Frameworks",
					"$(inherited)",
				);
				INFOPLIST_FILE = MMHSEventAppTests/Info.plist;
				LD_RUNPATH_SEARCH_PATHS = "$(inherited) @executable_path/Frameworks @loader_path/Frameworks";
				PRODUCT_NAME = "$(TARGET_NAME)";
				TEST_HOST = "$(BUNDLE_LOADER)";
			};
			name = Release;
		};
/* End XCBuildConfiguration section */

/* Begin XCConfigurationList section */
		9322D5C719703DFC00DC019F /* Build configuration list for PBXProject "MMHSEventApp" */ = {
			isa = XCConfigurationList;
			buildConfigurations = (
				9322D5E619703DFD00DC019F /* Debug */,
				9322D5E719703DFD00DC019F /* Release */,
			);
			defaultConfigurationIsVisible = 0;
			defaultConfigurationName = Release;
		};
		9322D5E819703DFD00DC019F /* Build configuration list for PBXNativeTarget "MMHSEventApp" */ = {
			isa = XCConfigurationList;
			buildConfigurations = (
				9322D5E919703DFD00DC019F /* Debug */,
				9322D5EA19703DFD00DC019F /* Release */,
			);
			defaultConfigurationIsVisible = 0;
		};
		9322D5EB19703DFD00DC019F /* Build configuration list for PBXNativeTarget "MMHSEventAppTests" */ = {
			isa = XCConfigurationList;
			buildConfigurations = (
				9322D5EC19703DFD00DC019F /* Debug */,
				9322D5ED19703DFD00DC019F /* Release */,
			);
			defaultConfigurationIsVisible = 0;
		};
/* End XCConfigurationList section */
	};
	rootObject = 9322D5C419703DFC00DC019F /* Project object */;
}
